github.com/go-chi/chi/v5 v5.0.9 h1:VxajiKwlmdvAtgpYAWvWrfsyO8WCeALJspE2FJuRvjk=
github.com/go-chi/chi/v5 v5.0.9/go.mod h1:DslCQbL2OYiznFReuXYUmQ2hGd1aDpCnlMNITLSKoi8=
github.com/joho/godotenv v1.4.0 h1:3l4+N6zfMWnkbPEXKng2o2/MR5mSwTrBih4ZEkkz1lg=
github.com/joho/godotenv v1.4.0/go.mod h1:f4LDr5Voq0i2e/R5DDNOoa2zzDfwtkZa6DnEwAbqwq4=
github.com/sashabaranov/go-openai v1.18.2 h1:UnC307Mgc+fiIDUmEJCiCvRoMxdFrLtQlg8A594pnG8=
github.com/sashabaranov/go-openai v1.18.2/go.mod h1:lj5b/K+zjTSFxVLijLSTDZuP7adOgerWeFyZLUhAKRg=
